
Microsoft Visual Studio Solution File, Format Version 12.00
# Visual Studio Version 17
VisualStudioVersion = 17.11.35312.102
MinimumVisualStudioVersion = 10.0.40219.1
Project("{FAE04EC0-301F-11D3-BF4B-00C04F79EFBC}") = "MoneyContribution", "MoneyContribution\MoneyContribution.csproj", "{73C03576-63FD-4813-953F-7807BC2C92F8}"
EndProject
Global
	GlobalSection(SolutionConfigurationPlatforms) = preSolution
		Debug|Any CPU = Debug|Any CPU
		Release|Any CPU = Release|Any CPU
	EndGlobalSection
	GlobalSection(ProjectConfigurationPlatforms) = postSolution
		{73C03576-63FD-4813-953F-7807BC2C92F8}.Debug|Any CPU.ActiveCfg = Debug|Any CPU
		{73C03576-63FD-4813-953F-7807BC2C92F8}.Debug|Any CPU.Build.0 = Debug|Any CPU
		{73C03576-63FD-4813-953F-7807BC2C92F8}.Debug|Any CPU.Deploy.0 = Debug|Any CPU
		{73C03576-63FD-4813-953F-7807BC2C92F8}.Release|Any CPU.ActiveCfg = Release|Any CPU
		{73C03576-63FD-4813-953F-7807BC2C92F8}.Release|Any CPU.Build.0 = Release|Any CPU
		{73C03576-63FD-4813-953F-7807BC2C92F8}.Release|Any CPU.Deploy.0 = Release|Any CPU
	EndGlobalSection
	GlobalSection(SolutionProperties) = preSolution
		HideSolutionNode = FALSE
	EndGlobalSection
	GlobalSection(ExtensibilityGlobals) = postSolution
		SolutionGuid = {D28B9AA2-CD38-4E9E-994A-97755D664476}
	EndGlobalSection
EndGlobal
